
Microsoft Visual Studio Solution File, Format Version 12.00
# Visual Studio 14
VisualStudioVersion = 14.0.22512.0
MinimumVisualStudioVersion = 10.0.40219.1
Project("{FAE04EC0-301F-11D3-BF4B-00C04F79EFBC}") = "HoloArm", "HoloArm\HoloArm.csproj", "{13A45C13-3265-47B8-BC48-A553B569DF55}"
		{c3474f69-6683-4f44-a3d8-111ca369bfed} = {c3474f69-6683-4f44-a3d8-111ca369bfed}
		{878f5fa9-0e4f-44a8-921e-f54a95836071} = {878f5fa9-0e4f-44a8-921e-f54a95836071}
EndProject
Project("{FAE04EC0-301F-11D3-BF4B-00C04F79EFBC}") = "Assembly-CSharp", "D:\_c\HoloArm\App\GeneratedProjects\UWP\Assembly-CSharp\Assembly-CSharp.csproj", "{c3474f69-6683-4f44-a3d8-111ca369bfed}"
EndProject
Project("{FAE04EC0-301F-11D3-BF4B-00C04F79EFBC}") = "Assembly-CSharp-firstpass", "D:\_c\HoloArm\App\GeneratedProjects\UWP\Assembly-CSharp-firstpass\Assembly-CSharp-firstpass.csproj", "{878f5fa9-0e4f-44a8-921e-f54a95836071}"
EndProject
Global
	GlobalSection(SolutionConfigurationPlatforms) = preSolution
		Debug|ARM = Debug|ARM
		Debug|x64 = Debug|x64
		Debug|x86 = Debug|x86
		Master|ARM = Master|ARM
		Master|x64 = Master|x64
		Master|x86 = Master|x86
		Release|ARM = Release|ARM
		Release|x64 = Release|x64
		Release|x86 = Release|x86
	EndGlobalSection
	GlobalSection(ProjectConfigurationPlatforms) = postSolution
		{13A45C13-3265-47B8-BC48-A553B569DF55}.Debug|ARM.ActiveCfg = Debug|ARM
		{13A45C13-3265-47B8-BC48-A553B569DF55}.Debug|ARM.Build.0 = Debug|ARM
		{13A45C13-3265-47B8-BC48-A553B569DF55}.Debug|ARM.Deploy.0 = Debug|ARM
		{13A45C13-3265-47B8-BC48-A553B569DF55}.Debug|x64.ActiveCfg = Debug|x64
		{13A45C13-3265-47B8-BC48-A553B569DF55}.Debug|x64.Build.0 = Debug|x64
		{13A45C13-3265-47B8-BC48-A553B569DF55}.Debug|x64.Deploy.0 = Debug|x64
		{13A45C13-3265-47B8-BC48-A553B569DF55}.Debug|x86.ActiveCfg = Debug|x86
		{13A45C13-3265-47B8-BC48-A553B569DF55}.Debug|x86.Build.0 = Debug|x86
		{13A45C13-3265-47B8-BC48-A553B569DF55}.Debug|x86.Deploy.0 = Debug|x86
		{13A45C13-3265-47B8-BC48-A553B569DF55}.Master|ARM.ActiveCfg = Master|ARM
		{13A45C13-3265-47B8-BC48-A553B569DF55}.Master|ARM.Build.0 = Master|ARM
		{13A45C13-3265-47B8-BC48-A553B569DF55}.Master|ARM.Deploy.0 = Master|ARM
		{13A45C13-3265-47B8-BC48-A553B569DF55}.Master|x64.ActiveCfg = Master|x64
		{13A45C13-3265-47B8-BC48-A553B569DF55}.Master|x64.Build.0 = Master|x64
		{13A45C13-3265-47B8-BC48-A553B569DF55}.Master|x64.Deploy.0 = Master|x64
		{13A45C13-3265-47B8-BC48-A553B569DF55}.Master|x86.ActiveCfg = Master|x86
		{13A45C13-3265-47B8-BC48-A553B569DF55}.Master|x86.Build.0 = Master|x86
		{13A45C13-3265-47B8-BC48-A553B569DF55}.Master|x86.Deploy.0 = Master|x86
		{13A45C13-3265-47B8-BC48-A553B569DF55}.Release|ARM.ActiveCfg = Release|ARM
		{13A45C13-3265-47B8-BC48-A553B569DF55}.Release|ARM.Build.0 = Release|ARM
		{13A45C13-3265-47B8-BC48-A553B569DF55}.Release|ARM.Deploy.0 = Release|ARM
		{13A45C13-3265-47B8-BC48-A553B569DF55}.Release|x64.ActiveCfg = Release|x64
		{13A45C13-3265-47B8-BC48-A553B569DF55}.Release|x64.Build.0 = Release|x64
		{13A45C13-3265-47B8-BC48-A553B569DF55}.Release|x64.Deploy.0 = Release|x64
		{13A45C13-3265-47B8-BC48-A553B569DF55}.Release|x86.ActiveCfg = Release|x86
		{13A45C13-3265-47B8-BC48-A553B569DF55}.Release|x86.Build.0 = Release|x86
		{13A45C13-3265-47B8-BC48-A553B569DF55}.Release|x86.Deploy.0 = Release|x86
		{c3474f69-6683-4f44-a3d8-111ca369bfed}.Debug|x86.ActiveCfg = Debug|x86
		{c3474f69-6683-4f44-a3d8-111ca369bfed}.Debug|x86.Build.0 = Debug|x86
		{c3474f69-6683-4f44-a3d8-111ca369bfed}.Release|x86.ActiveCfg = Release|x86
		{c3474f69-6683-4f44-a3d8-111ca369bfed}.Release|x86.Build.0 = Release|x86
		{c3474f69-6683-4f44-a3d8-111ca369bfed}.Master|x86.ActiveCfg = Master|x86
		{c3474f69-6683-4f44-a3d8-111ca369bfed}.Master|x86.Build.0 = Master|x86
		{c3474f69-6683-4f44-a3d8-111ca369bfed}.Debug|x64.ActiveCfg = Debug|x64
		{c3474f69-6683-4f44-a3d8-111ca369bfed}.Debug|x64.Build.0 = Debug|x64
		{c3474f69-6683-4f44-a3d8-111ca369bfed}.Release|x64.ActiveCfg = Release|x64
		{c3474f69-6683-4f44-a3d8-111ca369bfed}.Release|x64.Build.0 = Release|x64
		{c3474f69-6683-4f44-a3d8-111ca369bfed}.Master|x64.ActiveCfg = Master|x64
		{c3474f69-6683-4f44-a3d8-111ca369bfed}.Master|x64.Build.0 = Master|x64
		{c3474f69-6683-4f44-a3d8-111ca369bfed}.Debug|ARM.ActiveCfg = Debug|ARM
		{c3474f69-6683-4f44-a3d8-111ca369bfed}.Debug|ARM.Build.0 = Debug|ARM
		{c3474f69-6683-4f44-a3d8-111ca369bfed}.Release|ARM.ActiveCfg = Release|ARM
		{c3474f69-6683-4f44-a3d8-111ca369bfed}.Release|ARM.Build.0 = Release|ARM
		{c3474f69-6683-4f44-a3d8-111ca369bfed}.Master|ARM.ActiveCfg = Master|ARM
		{c3474f69-6683-4f44-a3d8-111ca369bfed}.Master|ARM.Build.0 = Master|ARM
		{878f5fa9-0e4f-44a8-921e-f54a95836071}.Debug|x86.ActiveCfg = Debug|x86
		{878f5fa9-0e4f-44a8-921e-f54a95836071}.Debug|x86.Build.0 = Debug|x86
		{878f5fa9-0e4f-44a8-921e-f54a95836071}.Release|x86.ActiveCfg = Release|x86
		{878f5fa9-0e4f-44a8-921e-f54a95836071}.Release|x86.Build.0 = Release|x86
		{878f5fa9-0e4f-44a8-921e-f54a95836071}.Master|x86.ActiveCfg = Master|x86
		{878f5fa9-0e4f-44a8-921e-f54a95836071}.Master|x86.Build.0 = Master|x86
		{878f5fa9-0e4f-44a8-921e-f54a95836071}.Debug|ARM.ActiveCfg = Debug|ARM
		{878f5fa9-0e4f-44a8-921e-f54a95836071}.Debug|ARM.Build.0 = Debug|ARM
		{878f5fa9-0e4f-44a8-921e-f54a95836071}.Release|ARM.ActiveCfg = Release|ARM
		{878f5fa9-0e4f-44a8-921e-f54a95836071}.Release|ARM.Build.0 = Release|ARM
		{878f5fa9-0e4f-44a8-921e-f54a95836071}.Master|ARM.ActiveCfg = Master|ARM
		{878f5fa9-0e4f-44a8-921e-f54a95836071}.Master|ARM.Build.0 = Master|ARM
 EndGlobalSection
	GlobalSection(SolutionProperties) = preSolution
		HideSolutionNode = FALSE
	EndGlobalSection
EndGlobal
